{
    "version": 3,
    "terraform_version": "0.11.8",
    "serial": 4,
    "lineage": "583d3aaa-556a-7518-55cc-f829ce4b44a9",
    "modules": [
        {
            "path": [
                "root"
            ],
            "outputs": {},
            "resources": {},
            "depends_on": []
        },
        {
            "path": [
                "root",
                "eks"
            ],
            "outputs": {
                "cluster_certificate_authority_data": {
                    "sensitive": false,
                    "type": "string",
                    "value": "LS0tLS1CRUdJTiBDRVJUSUZJQ0FURS0tLS0tCk1JSUN5RENDQWJDZ0F3SUJBZ0lCQURBTkJna3Foa2lHOXcwQkFRc0ZBREFWTVJNd0VRWURWUVFERXdwcmRXSmwKY201bGRHVnpNQjRYRFRFNE1URXdPVEUxTURZMU1Gb1hEVEk0TVRFd05qRTFNRFkxTUZvd0ZURVRNQkVHQTFVRQpBeE1LYTNWaVpYSnVaWFJsY3pDQ0FTSXdEUVlKS29aSWh2Y05BUUVCQlFBRGdnRVBBRENDQVFvQ2dnRUJBSllrClA4OHlLNlkzd01FcHgxSnJNVm5sQXZXWEVvYVpXWHhodit2QlN1UkVBZ1NUTzRlRHdZTit3ZVN2QUF5dVVRbjYKVi9KNWtLZHlpWkNxTGpVNTdyWDExODZhV3QwQXlFVlQyU1pTeEdMWTh3WFpSU3lzV2JmOGxVbU1ZTkxpaDlmcgpGNGxWSDZMLytHTzBGMUJjYXU1QkRmMWlyVFFWUWh3U2x6WGNyZ0htUUZUZDIzaHpiaXhBU1ZmYjdOd1g1SmYzCnp1alRvc0RiNmRoL1hzczFQMEtxNEVEQmhFbzY0L1IzTmNTdE1QYnB4Wjd2aHVPaWpZTkdqV2NaOEZmVDNCTWoKQklEdlRmaWh2KzFveXlXUTR0T1VXZWtCc1pmMEdoSzRJblkxWnU3ZnRjU2J4RFdxRFp4UWxDQW1nNHhrZEp4awoxUXF4SmswbTBMVnVhZk9tVENVQ0F3RUFBYU1qTUNFd0RnWURWUjBQQVFIL0JBUURBZ0trTUE4R0ExVWRFd0VCCi93UUZNQU1CQWY4d0RRWUpLb1pJaHZjTkFRRUxCUUFEZ2dFQkFGT2tsWFA5SnN1c3I4YXJBR05qZStjdGpubmEKVDUraUJUdEhCVXljZmJ1RmZGUU1ORGlTVU56eDRQWHJrMC83aFZobHVYL04yY2dUTGYyTlo2T1Nwb2J6Q1VhYgpGNWxkRlA2L01aSjBRb0Fka1RmSEdjWHgyNE5vMU1QMXIzWmxvMWhlRkpxeHgwNCtNS2VVOE1VL0padHd1TVBFCkw0elMzOTcxNmxISk1tZG1BZVkzZkRnZ3hicjhSZ3JJK3M5ZzQzOVpnWVZINjJ3dnJralJGUFVzdW5JNVpVME8KbndDV0FKdWJENXNMS3hzNTQrZjRaamlPdmJMT2tBbS9CdmkxUUowTkNDT05sVHNUZzdCdFBEcjJMallRbDRPOAppUnRrOVhOM2JCMDV5QnpKSWxlTWtTOUtEaTNHbG4rS1h2MFp0L3Y3Y3d4RHVmLzYyb3ZCVlVBYWhGdz0KLS0tLS1FTkQgQ0VSVElGSUNBVEUtLS0tLQo="
                },
                "cluster_endpoint": {
                    "sensitive": false,
                    "type": "string",
                    "value": "https://CD215334B9CD4E242786544E2F707D6C.sk1.us-east-1.eks.amazonaws.com"
                },
                "cluster_id": {
                    "sensitive": false,
                    "type": "string",
                    "value": "terraform-eks"
                },
                "cluster_security_group_id": {
                    "sensitive": false,
                    "type": "string",
                    "value": "sg-0f4fb1734de80ecd2"
                },
                "cluster_version": {
                    "sensitive": false,
                    "type": "string",
                    "value": "1.10"
                },
                "config_map_aws_auth": {
                    "sensitive": false,
                    "type": "string",
                    "value": "apiVersion: v1\nkind: ConfigMap\nmetadata:\n  name: aws-auth\n  namespace: kube-system\ndata:\n  mapRoles: |\n    - rolearn: arn:aws:iam::692297098467:role/terraform-eks20181109150840648300000005\n      username: system:node:{{EC2PrivateDNSName}}\n      groups:\n        - system:bootstrappers\n        - system:nodes\n\n\n  mapUsers: |\n\n  mapAccounts: |\n\n"
                },
                "kubeconfig": {
                    "sensitive": false,
                    "type": "string",
                    "value": "apiVersion: v1\npreferences: {}\nkind: Config\n\nclusters:\n- cluster:\n    server: https://CD215334B9CD4E242786544E2F707D6C.sk1.us-east-1.eks.amazonaws.com\n    certificate-authority-data: LS0tLS1CRUdJTiBDRVJUSUZJQ0FURS0tLS0tCk1JSUN5RENDQWJDZ0F3SUJBZ0lCQURBTkJna3Foa2lHOXcwQkFRc0ZBREFWTVJNd0VRWURWUVFERXdwcmRXSmwKY201bGRHVnpNQjRYRFRFNE1URXdPVEUxTURZMU1Gb1hEVEk0TVRFd05qRTFNRFkxTUZvd0ZURVRNQkVHQTFVRQpBeE1LYTNWaVpYSnVaWFJsY3pDQ0FTSXdEUVlKS29aSWh2Y05BUUVCQlFBRGdnRVBBRENDQVFvQ2dnRUJBSllrClA4OHlLNlkzd01FcHgxSnJNVm5sQXZXWEVvYVpXWHhodit2QlN1UkVBZ1NUTzRlRHdZTit3ZVN2QUF5dVVRbjYKVi9KNWtLZHlpWkNxTGpVNTdyWDExODZhV3QwQXlFVlQyU1pTeEdMWTh3WFpSU3lzV2JmOGxVbU1ZTkxpaDlmcgpGNGxWSDZMLytHTzBGMUJjYXU1QkRmMWlyVFFWUWh3U2x6WGNyZ0htUUZUZDIzaHpiaXhBU1ZmYjdOd1g1SmYzCnp1alRvc0RiNmRoL1hzczFQMEtxNEVEQmhFbzY0L1IzTmNTdE1QYnB4Wjd2aHVPaWpZTkdqV2NaOEZmVDNCTWoKQklEdlRmaWh2KzFveXlXUTR0T1VXZWtCc1pmMEdoSzRJblkxWnU3ZnRjU2J4RFdxRFp4UWxDQW1nNHhrZEp4awoxUXF4SmswbTBMVnVhZk9tVENVQ0F3RUFBYU1qTUNFd0RnWURWUjBQQVFIL0JBUURBZ0trTUE4R0ExVWRFd0VCCi93UUZNQU1CQWY4d0RRWUpLb1pJaHZjTkFRRUxCUUFEZ2dFQkFGT2tsWFA5SnN1c3I4YXJBR05qZStjdGpubmEKVDUraUJUdEhCVXljZmJ1RmZGUU1ORGlTVU56eDRQWHJrMC83aFZobHVYL04yY2dUTGYyTlo2T1Nwb2J6Q1VhYgpGNWxkRlA2L01aSjBRb0Fka1RmSEdjWHgyNE5vMU1QMXIzWmxvMWhlRkpxeHgwNCtNS2VVOE1VL0padHd1TVBFCkw0elMzOTcxNmxISk1tZG1BZVkzZkRnZ3hicjhSZ3JJK3M5ZzQzOVpnWVZINjJ3dnJralJGUFVzdW5JNVpVME8KbndDV0FKdWJENXNMS3hzNTQrZjRaamlPdmJMT2tBbS9CdmkxUUowTkNDT05sVHNUZzdCdFBEcjJMallRbDRPOAppUnRrOVhOM2JCMDV5QnpKSWxlTWtTOUtEaTNHbG4rS1h2MFp0L3Y3Y3d4RHVmLzYyb3ZCVlVBYWhGdz0KLS0tLS1FTkQgQ0VSVElGSUNBVEUtLS0tLQo=\n  name: eks_terraform-eks\n\ncontexts:\n- context:\n    cluster: eks_terraform-eks\n    user: eks_terraform-eks\n  name: eks_terraform-eks\n\ncurrent-context: eks_terraform-eks\n\nusers:\n- name: eks_terraform-eks\n  user:\n    exec:\n      apiVersion: client.authentication.k8s.io/v1alpha1\n      command: aws-iam-authenticator\n      args:\n        - \"token\"\n        - \"-i\"\n        - \"terraform-eks\"\n\n\n"
                },
                "worker_iam_role_arn": {
                    "sensitive": false,
                    "type": "string",
                    "value": "arn:aws:iam::692297098467:role/terraform-eks20181109150840648300000005"
                },
                "worker_iam_role_name": {
                    "sensitive": false,
                    "type": "string",
                    "value": "terraform-eks20181109150840648300000005"
                },
                "worker_security_group_id": {
                    "sensitive": false,
                    "type": "string",
                    "value": "sg-0d4ee1cdc86880fc4"
                },
                "workers_asg_arns": {
                    "sensitive": false,
                    "type": "list",
                    "value": [
                        "arn:aws:autoscaling:us-east-1:692297098467:autoScalingGroup:3005f49e-bc71-41e2-a953-f6fe441dfcc3:autoScalingGroupName/terraform-eks-default2018110915085139730000000e"
                    ]
                },
                "workers_asg_names": {
                    "sensitive": false,
                    "type": "list",
                    "value": [
                        "terraform-eks-default2018110915085139730000000e"
                    ]
                }
            },
            "resources": {
                "aws_autoscaling_group.workers": {
                    "type": "aws_autoscaling_group",
                    "depends_on": [
                        "aws_eks_cluster.this",
                        "aws_launch_configuration.workers.*",
                        "local.asg_tags",
                        "local.workers_group_defaults"
                    ],
                    "primary": {
                        "id": "terraform-eks-default2018110915085139730000000e",
                        "attributes": {
                            "arn": "arn:aws:autoscaling:us-east-1:692297098467:autoScalingGroup:3005f49e-bc71-41e2-a953-f6fe441dfcc3:autoScalingGroupName/terraform-eks-default2018110915085139730000000e",
                            "availability_zones.#": "2",
                            "availability_zones.1305112097": "us-east-1b",
                            "availability_zones.3569565595": "us-east-1a",
                            "default_cooldown": "300",
                            "desired_capacity": "1",
                            "enabled_metrics.#": "0",
                            "force_delete": "false",
                            "health_check_grace_period": "300",
                            "health_check_type": "EC2",
                            "id": "terraform-eks-default2018110915085139730000000e",
                            "launch_configuration": "terraform-eks-default2018110915084260050000000d",
                            "launch_template.#": "0",
                            "load_balancers.#": "0",
                            "max_size": "3",
                            "metrics_granularity": "1Minute",
                            "min_size": "1",
                            "name": "terraform-eks-default2018110915085139730000000e",
                            "name_prefix": "terraform-eks-default",
                            "placement_group": "",
                            "protect_from_scale_in": "false",
                            "service_linked_role_arn": "arn:aws:iam::692297098467:role/aws-service-role/autoscaling.amazonaws.com/AWSServiceRoleForAutoScaling",
                            "suspended_processes.#": "0",
                            "tags.#": "4",
                            "tags.0.%": "3",
                            "tags.0.key": "Name",
                            "tags.0.propagate_at_launch": "1",
                            "tags.0.value": "terraform-eks-default-eks_asg",
                            "tags.1.%": "3",
                            "tags.1.key": "kubernetes.io/cluster/terraform-eks",
                            "tags.1.propagate_at_launch": "1",
                            "tags.1.value": "owned",
                            "tags.2.%": "3",
                            "tags.2.key": "k8s.io/cluster-autoscaler/disabled",
                            "tags.2.propagate_at_launch": "0",
                            "tags.2.value": "true",
                            "tags.3.%": "3",
                            "tags.3.key": "Environment",
                            "tags.3.propagate_at_launch": "1",
                            "tags.3.value": "test",
                            "target_group_arns.#": "0",
                            "termination_policies.#": "0",
                            "vpc_zone_identifier.#": "2",
                            "vpc_zone_identifier.2660463657": "subnet-04a160c2becb2a102",
                            "vpc_zone_identifier.4019683587": "subnet-07d9fc176eb5ab1e0",
                            "wait_for_capacity_timeout": "10m"
                        },
                        "meta": {
                            "e2bfb730-ecaa-11e6-8f88-34363bc7c4c0": {
                                "delete": 600000000000
                            }
                        },
                        "tainted": false
                    },
                    "deposed": [],
                    "provider": "provider.aws"
                },
                "aws_eks_cluster.this": {
                    "type": "aws_eks_cluster",
                    "depends_on": [
                        "aws_iam_role.cluster",
                        "aws_iam_role_policy_attachment.cluster_AmazonEKSClusterPolicy",
                        "aws_iam_role_policy_attachment.cluster_AmazonEKSServicePolicy",
                        "local.cluster_security_group_id"
                    ],
                    "primary": {
                        "id": "terraform-eks",
                        "attributes": {
                            "arn": "arn:aws:eks:us-east-1:692297098467:cluster/terraform-eks",
                            "certificate_authority.#": "1",
                            "certificate_authority.0.data": "LS0tLS1CRUdJTiBDRVJUSUZJQ0FURS0tLS0tCk1JSUN5RENDQWJDZ0F3SUJBZ0lCQURBTkJna3Foa2lHOXcwQkFRc0ZBREFWTVJNd0VRWURWUVFERXdwcmRXSmwKY201bGRHVnpNQjRYRFRFNE1URXdPVEUxTURZMU1Gb1hEVEk0TVRFd05qRTFNRFkxTUZvd0ZURVRNQkVHQTFVRQpBeE1LYTNWaVpYSnVaWFJsY3pDQ0FTSXdEUVlKS29aSWh2Y05BUUVCQlFBRGdnRVBBRENDQVFvQ2dnRUJBSllrClA4OHlLNlkzd01FcHgxSnJNVm5sQXZXWEVvYVpXWHhodit2QlN1UkVBZ1NUTzRlRHdZTit3ZVN2QUF5dVVRbjYKVi9KNWtLZHlpWkNxTGpVNTdyWDExODZhV3QwQXlFVlQyU1pTeEdMWTh3WFpSU3lzV2JmOGxVbU1ZTkxpaDlmcgpGNGxWSDZMLytHTzBGMUJjYXU1QkRmMWlyVFFWUWh3U2x6WGNyZ0htUUZUZDIzaHpiaXhBU1ZmYjdOd1g1SmYzCnp1alRvc0RiNmRoL1hzczFQMEtxNEVEQmhFbzY0L1IzTmNTdE1QYnB4Wjd2aHVPaWpZTkdqV2NaOEZmVDNCTWoKQklEdlRmaWh2KzFveXlXUTR0T1VXZWtCc1pmMEdoSzRJblkxWnU3ZnRjU2J4RFdxRFp4UWxDQW1nNHhrZEp4awoxUXF4SmswbTBMVnVhZk9tVENVQ0F3RUFBYU1qTUNFd0RnWURWUjBQQVFIL0JBUURBZ0trTUE4R0ExVWRFd0VCCi93UUZNQU1CQWY4d0RRWUpLb1pJaHZjTkFRRUxCUUFEZ2dFQkFGT2tsWFA5SnN1c3I4YXJBR05qZStjdGpubmEKVDUraUJUdEhCVXljZmJ1RmZGUU1ORGlTVU56eDRQWHJrMC83aFZobHVYL04yY2dUTGYyTlo2T1Nwb2J6Q1VhYgpGNWxkRlA2L01aSjBRb0Fka1RmSEdjWHgyNE5vMU1QMXIzWmxvMWhlRkpxeHgwNCtNS2VVOE1VL0padHd1TVBFCkw0elMzOTcxNmxISk1tZG1BZVkzZkRnZ3hicjhSZ3JJK3M5ZzQzOVpnWVZINjJ3dnJralJGUFVzdW5JNVpVME8KbndDV0FKdWJENXNMS3hzNTQrZjRaamlPdmJMT2tBbS9CdmkxUUowTkNDT05sVHNUZzdCdFBEcjJMallRbDRPOAppUnRrOVhOM2JCMDV5QnpKSWxlTWtTOUtEaTNHbG4rS1h2MFp0L3Y3Y3d4RHVmLzYyb3ZCVlVBYWhGdz0KLS0tLS1FTkQgQ0VSVElGSUNBVEUtLS0tLQo=",
                            "created_at": "2018-11-09 14:59:24 +0000 UTC",
                            "endpoint": "https://CD215334B9CD4E242786544E2F707D6C.sk1.us-east-1.eks.amazonaws.com",
                            "id": "terraform-eks",
                            "name": "terraform-eks",
                            "platform_version": "eks.2",
                            "role_arn": "arn:aws:iam::692297098467:role/terraform-eks20181109145915424900000001",
                            "version": "1.10",
                            "vpc_config.#": "1",
                            "vpc_config.0.security_group_ids.#": "1",
                            "vpc_config.0.security_group_ids.1158304319": "sg-0f4fb1734de80ecd2",
                            "vpc_config.0.subnet_ids.#": "2",
                            "vpc_config.0.subnet_ids.4210016402": "subnet-07d9fc176eb5ab1e0",
                            "vpc_config.0.subnet_ids.556076465": "subnet-04a160c2becb2a102",
                            "vpc_config.0.vpc_id": "vpc-0898be17c8d199fb2"
                        },
                        "meta": {
                            "e2bfb730-ecaa-11e6-8f88-34363bc7c4c0": {
                                "create": 900000000000,
                                "delete": 900000000000
                            }
                        },
                        "tainted": false
                    },
                    "deposed": [],
                    "provider": "provider.aws"
                },
                "aws_iam_instance_profile.workers": {
                    "type": "aws_iam_instance_profile",
                    "depends_on": [
                        "aws_eks_cluster.this",
                        "local.workers_group_defaults"
                    ],
                    "primary": {
                        "id": "terraform-eks20181109150841038000000008",
                        "attributes": {
                            "arn": "arn:aws:iam::692297098467:instance-profile/terraform-eks20181109150841038000000008",
                            "create_date": "2018-11-09T15:08:41Z",
                            "id": "terraform-eks20181109150841038000000008",
                            "name": "terraform-eks20181109150841038000000008",
                            "name_prefix": "terraform-eks",
                            "path": "/",
                            "role": "terraform-eks20181109150840648300000005",
                            "roles.#": "0",
                            "unique_id": "AIPAJIKV7TECNT7WHYOSK"
                        },
                        "meta": {},
                        "tainted": false
                    },
                    "deposed": [],
                    "provider": "provider.aws"
                },
                "aws_iam_policy.worker_autoscaling": {
                    "type": "aws_iam_policy",
                    "depends_on": [
                        "aws_eks_cluster.this",
                        "data.aws_iam_policy_document.worker_autoscaling"
                    ],
                    "primary": {
                        "id": "arn:aws:iam::692297098467:policy/eks-worker-autoscaling-terraform-eks20181109150840648900000006",
                        "attributes": {
                            "arn": "arn:aws:iam::692297098467:policy/eks-worker-autoscaling-terraform-eks20181109150840648900000006",
                            "description": "EKS worker node autoscaling policy for cluster terraform-eks",
                            "id": "arn:aws:iam::692297098467:policy/eks-worker-autoscaling-terraform-eks20181109150840648900000006",
                            "name": "eks-worker-autoscaling-terraform-eks20181109150840648900000006",
                            "name_prefix": "eks-worker-autoscaling-terraform-eks",
                            "path": "/",
                            "policy": "{\n  \"Version\": \"2012-10-17\",\n  \"Statement\": [\n    {\n      \"Sid\": \"eksWorkerAutoscalingAll\",\n      \"Effect\": \"Allow\",\n      \"Action\": [\n        \"autoscaling:GetAsgForInstance\",\n        \"autoscaling:DescribeTags\",\n        \"autoscaling:DescribeLaunchConfigurations\",\n        \"autoscaling:DescribeAutoScalingInstances\",\n        \"autoscaling:DescribeAutoScalingGroups\"\n      ],\n      \"Resource\": \"*\"\n    },\n    {\n      \"Sid\": \"eksWorkerAutoscalingOwn\",\n      \"Effect\": \"Allow\",\n      \"Action\": [\n        \"autoscaling:UpdateAutoScalingGroup\",\n        \"autoscaling:TerminateInstanceInAutoScalingGroup\",\n        \"autoscaling:SetDesiredCapacity\"\n      ],\n      \"Resource\": \"*\",\n      \"Condition\": {\n        \"StringEquals\": {\n          \"autoscaling:ResourceTag/k8s.io/cluster-autoscaler/enabled\": \"true\",\n          \"autoscaling:ResourceTag/kubernetes.io/cluster/terraform-eks\": \"owned\"\n        }\n      }\n    }\n  ]\n}"
                        },
                        "meta": {},
                        "tainted": false
                    },
                    "deposed": [],
                    "provider": "provider.aws"
                },
                "aws_iam_role.cluster": {
                    "type": "aws_iam_role",
                    "depends_on": [
                        "data.aws_iam_policy_document.cluster_assume_role_policy"
                    ],
                    "primary": {
                        "id": "terraform-eks20181109145915424900000001",
                        "attributes": {
                            "arn": "arn:aws:iam::692297098467:role/terraform-eks20181109145915424900000001",
                            "assume_role_policy": "{\"Version\":\"2012-10-17\",\"Statement\":[{\"Sid\":\"EKSClusterAssumeRole\",\"Effect\":\"Allow\",\"Principal\":{\"Service\":\"eks.amazonaws.com\"},\"Action\":\"sts:AssumeRole\"}]}",
                            "create_date": "2018-11-09T14:59:15Z",
                            "description": "",
                            "force_detach_policies": "false",
                            "id": "terraform-eks20181109145915424900000001",
                            "max_session_duration": "3600",
                            "name": "terraform-eks20181109145915424900000001",
                            "name_prefix": "terraform-eks",
                            "path": "/",
                            "unique_id": "AROAJR3TQF5EZQMYZ5THI"
                        },
                        "meta": {},
                        "tainted": false
                    },
                    "deposed": [],
                    "provider": "provider.aws"
                },
                "aws_iam_role.workers": {
                    "type": "aws_iam_role",
                    "depends_on": [
                        "aws_eks_cluster.this",
                        "data.aws_iam_policy_document.workers_assume_role_policy"
                    ],
                    "primary": {
                        "id": "terraform-eks20181109150840648300000005",
                        "attributes": {
                            "arn": "arn:aws:iam::692297098467:role/terraform-eks20181109150840648300000005",
                            "assume_role_policy": "{\"Version\":\"2012-10-17\",\"Statement\":[{\"Sid\":\"EKSWorkerAssumeRole\",\"Effect\":\"Allow\",\"Principal\":{\"Service\":\"ec2.amazonaws.com\"},\"Action\":\"sts:AssumeRole\"}]}",
                            "create_date": "2018-11-09T15:08:40Z",
                            "description": "",
                            "force_detach_policies": "false",
                            "id": "terraform-eks20181109150840648300000005",
                            "max_session_duration": "3600",
                            "name": "terraform-eks20181109150840648300000005",
                            "name_prefix": "terraform-eks",
                            "path": "/",
                            "unique_id": "AROAI7VZXLXSSUM7S3G4C"
                        },
                        "meta": {},
                        "tainted": false
                    },
                    "deposed": [],
                    "provider": "provider.aws"
                },
                "aws_iam_role_policy_attachment.cluster_AmazonEKSClusterPolicy": {
                    "type": "aws_iam_role_policy_attachment",
                    "depends_on": [
                        "aws_iam_role.cluster"
                    ],
                    "primary": {
                        "id": "terraform-eks20181109145915424900000001-20181109145915992000000002",
                        "attributes": {
                            "id": "terraform-eks20181109145915424900000001-20181109145915992000000002",
                            "policy_arn": "arn:aws:iam::aws:policy/AmazonEKSClusterPolicy",
                            "role": "terraform-eks20181109145915424900000001"
                        },
                        "meta": {},
                        "tainted": false
                    },
                    "deposed": [],
                    "provider": "provider.aws"
                },
                "aws_iam_role_policy_attachment.cluster_AmazonEKSServicePolicy": {
                    "type": "aws_iam_role_policy_attachment",
                    "depends_on": [
                        "aws_iam_role.cluster"
                    ],
                    "primary": {
                        "id": "terraform-eks20181109145915424900000001-20181109145916000200000003",
                        "attributes": {
                            "id": "terraform-eks20181109145915424900000001-20181109145916000200000003",
                            "policy_arn": "arn:aws:iam::aws:policy/AmazonEKSServicePolicy",
                            "role": "terraform-eks20181109145915424900000001"
                        },
                        "meta": {},
                        "tainted": false
                    },
                    "deposed": [],
                    "provider": "provider.aws"
                },
                "aws_iam_role_policy_attachment.workers_AmazonEC2ContainerRegistryReadOnly": {
                    "type": "aws_iam_role_policy_attachment",
                    "depends_on": [
                        "aws_iam_role.workers"
                    ],
                    "primary": {
                        "id": "terraform-eks20181109150840648300000005-2018110915084117640000000a",
                        "attributes": {
                            "id": "terraform-eks20181109150840648300000005-2018110915084117640000000a",
                            "policy_arn": "arn:aws:iam::aws:policy/AmazonEC2ContainerRegistryReadOnly",
                            "role": "terraform-eks20181109150840648300000005"
                        },
                        "meta": {},
                        "tainted": false
                    },
                    "deposed": [],
                    "provider": "provider.aws"
                },
                "aws_iam_role_policy_attachment.workers_AmazonEKSWorkerNodePolicy": {
                    "type": "aws_iam_role_policy_attachment",
                    "depends_on": [
                        "aws_iam_role.workers"
                    ],
                    "primary": {
                        "id": "terraform-eks20181109150840648300000005-20181109150841167700000009",
                        "attributes": {
                            "id": "terraform-eks20181109150840648300000005-20181109150841167700000009",
                            "policy_arn": "arn:aws:iam::aws:policy/AmazonEKSWorkerNodePolicy",
                            "role": "terraform-eks20181109150840648300000005"
                        },
                        "meta": {},
                        "tainted": false
                    },
                    "deposed": [],
                    "provider": "provider.aws"
                },
                "aws_iam_role_policy_attachment.workers_AmazonEKS_CNI_Policy": {
                    "type": "aws_iam_role_policy_attachment",
                    "depends_on": [
                        "aws_iam_role.workers"
                    ],
                    "primary": {
                        "id": "terraform-eks20181109150840648300000005-2018110915084120840000000b",
                        "attributes": {
                            "id": "terraform-eks20181109150840648300000005-2018110915084120840000000b",
                            "policy_arn": "arn:aws:iam::aws:policy/AmazonEKS_CNI_Policy",
                            "role": "terraform-eks20181109150840648300000005"
                        },
                        "meta": {},
                        "tainted": false
                    },
                    "deposed": [],
                    "provider": "provider.aws"
                },
                "aws_iam_role_policy_attachment.workers_autoscaling": {
                    "type": "aws_iam_role_policy_attachment",
                    "depends_on": [
                        "aws_iam_policy.worker_autoscaling",
                        "aws_iam_role.workers"
                    ],
                    "primary": {
                        "id": "terraform-eks20181109150840648300000005-2018110915084127290000000c",
                        "attributes": {
                            "id": "terraform-eks20181109150840648300000005-2018110915084127290000000c",
                            "policy_arn": "arn:aws:iam::692297098467:policy/eks-worker-autoscaling-terraform-eks20181109150840648900000006",
                            "role": "terraform-eks20181109150840648300000005"
                        },
                        "meta": {},
                        "tainted": false
                    },
                    "deposed": [],
                    "provider": "provider.aws"
                },
                "aws_launch_configuration.workers": {
                    "type": "aws_launch_configuration",
                    "depends_on": [
                        "aws_eks_cluster.this",
                        "aws_iam_instance_profile.workers.*",
                        "data.template_file.userdata.*",
                        "local.ebs_optimized",
                        "local.worker_security_group_id",
                        "local.workers_group_defaults"
                    ],
                    "primary": {
                        "id": "terraform-eks-default2018110915084260050000000d",
                        "attributes": {
                            "associate_public_ip_address": "false",
                            "ebs_block_device.#": "0",
                            "ebs_optimized": "true",
                            "enable_monitoring": "true",
                            "ephemeral_block_device.#": "0",
                            "iam_instance_profile": "terraform-eks20181109150841038000000008",
                            "id": "terraform-eks-default2018110915084260050000000d",
                            "image_id": "ami-0a0b913ef3249b655",
                            "instance_type": "m4.large",
                            "key_name": "",
                            "name": "terraform-eks-default2018110915084260050000000d",
                            "name_prefix": "terraform-eks-default",
                            "root_block_device.#": "1",
                            "root_block_device.0.delete_on_termination": "true",
                            "root_block_device.0.iops": "0",
                            "root_block_device.0.volume_size": "100",
                            "root_block_device.0.volume_type": "gp2",
                            "security_groups.#": "1",
                            "security_groups.2780066579": "sg-0d4ee1cdc86880fc4",
                            "spot_price": "",
                            "user_data_base64": "IyEvYmluL2Jhc2ggLXhlCgojIEFsbG93IHVzZXIgc3VwcGxpZWQgcHJlIHVzZXJkYXRhIGNvZGUKCgojIEJvb3RzdHJhcCBhbmQgam9pbiB0aGUgY2x1c3RlcgovZXRjL2Vrcy9ib290c3RyYXAuc2ggLS1iNjQtY2x1c3Rlci1jYSAnTFMwdExTMUNSVWRKVGlCRFJWSlVTVVpKUTBGVVJTMHRMUzB0Q2sxSlNVTjVSRU5EUVdKRFowRjNTVUpCWjBsQ1FVUkJUa0puYTNGb2EybEhPWGN3UWtGUmMwWkJSRUZXVFZKTmQwVlJXVVJXVVZGRVJYZHdjbVJYU213S1kyMDFiR1JIVm5wTlFqUllSRlJGTkUxVVJYZFBWRVV4VFVSWk1VMUdiMWhFVkVrMFRWUkZkMDVxUlRGTlJGa3hUVVp2ZDBaVVJWUk5Ra1ZIUVRGVlJRcEJlRTFMWVROV2FWcFlTblZhV0ZKc1kzcERRMEZUU1hkRVVWbEtTMjlhU1doMlkwNUJVVVZDUWxGQlJHZG5SVkJCUkVORFFWRnZRMmRuUlVKQlNsbHJDbEE0T0hsTE5sa3pkMDFGY0hneFNuSk5WbTVzUVhaWFdFVnZZVnBYV0hob2RpdDJRbE4xVWtWQloxTlVUelJsUkhkWlRpdDNaVk4yUVVGNWRWVlJiallLVmk5S05XdExaSGxwV2tOeFRHcFZOVGR5V0RFeE9EWmhWM1F3UVhsRlZsUXlVMXBUZUVkTVdUaDNXRnBTVTNselYySm1PR3hWYlUxWlRreHBhRGxtY2dwR05HeFdTRFpNTHl0SFR6QkdNVUpqWVhVMVFrUm1NV2x5VkZGV1VXaDNVMng2V0dOeVowaHRVVVpVWkRJemFIcGlhWGhCVTFabVlqZE9kMWcxU21ZekNucDFhbFJ2YzBSaU5tUm9MMWh6Y3pGUU1FdHhORVZFUW1oRmJ6WTBMMUl6VG1OVGRFMVFZbkI0V2pkMmFIVlBhV3BaVGtkcVYyTmFPRVptVkROQ1RXb0tRa2xFZGxSbWFXaDJLekZ2ZVhsWFVUUjBUMVZYWld0Q2MxcG1NRWRvU3pSSmJsa3hXblUzWm5SalUySjRSRmR4UkZwNFVXeERRVzFuTkhoclpFcDRhd294VVhGNFNtc3diVEJNVm5WaFprOXRWRU5WUTBGM1JVRkJZVTFxVFVORmQwUm5XVVJXVWpCUVFWRklMMEpCVVVSQlowdHJUVUU0UjBFeFZXUkZkMFZDQ2k5M1VVWk5RVTFDUVdZNGQwUlJXVXBMYjFwSmFIWmpUa0ZSUlV4Q1VVRkVaMmRGUWtGR1QydHNXRkE1U25OMWMzSTRZWEpCUjA1cVpTdGpkR3B1Ym1FS1ZEVXJhVUpVZEVoQ1ZYbGpabUoxUm1aR1VVMU9SR2xUVlU1NmVEUlFXSEpyTUM4M2FGWm9iSFZZTDA0eVkyZFVUR1l5VGxvMlQxTndiMko2UTFWaFlncEdOV3hrUmxBMkwwMWFTakJSYjBGa2ExUm1TRWRqV0hneU5FNXZNVTFRTVhJeldteHZNV2hsUmtweGVIZ3dOQ3ROUzJWVk9FMVZMMHBhZEhkMVRWQkZDa3cwZWxNek9UY3hObXhJU2sxdFpHMUJaVmt6WmtSblozaGljamhTWjNKSkszTTVaelF6T1ZwbldWWklOakozZG5KcmFsSkdVRlZ6ZFc1Sk5WcFZNRThLYm5kRFYwRktkV0pFTlhOTVMzaHpOVFFyWmpSYWFtbFBkbUpNVDJ0QmJTOUNkbWt4VVVvd1RrTkRUMDVzVkhOVVp6ZENkRkJFY2pKTWFsbFJiRFJQT0FwcFVuUnJPVmhPTTJKQ01EVjVRbnBLU1d4bFRXdFRPVXRFYVROSGJHNHJTMWgyTUZwMEwzWTNZM2Q0UkhWbUx6WXliM1pDVmxWQllXaEdkejBLTFMwdExTMUZUa1FnUTBWU1ZFbEdTVU5CVkVVdExTMHRMUW89JyAtLWFwaXNlcnZlci1lbmRwb2ludCAnaHR0cHM6Ly9DRDIxNTMzNEI5Q0Q0RTI0Mjc4NjU0NEUyRjcwN0Q2Qy5zazEudXMtZWFzdC0xLmVrcy5hbWF6b25hd3MuY29tJyAtLWt1YmVsZXQtZXh0cmEtYXJncyAnJyAndGVycmFmb3JtLWVrcycKCiMgQWxsb3cgdXNlciBzdXBwbGllZCB1c2VyZGF0YSBjb2RlCgo=",
                            "vpc_classic_link_id": "",
                            "vpc_classic_link_security_groups.#": "0"
                        },
                        "meta": {},
                        "tainted": false
                    },
                    "deposed": [],
                    "provider": "provider.aws"
                },
                "aws_security_group.cluster": {
                    "type": "aws_security_group",
                    "depends_on": [],
                    "primary": {
                        "id": "sg-0f4fb1734de80ecd2",
                        "attributes": {
                            "arn": "arn:aws:ec2:us-east-1:692297098467:security-group/sg-0f4fb1734de80ecd2",
                            "description": "EKS cluster security group.",
                            "egress.#": "0",
                            "id": "sg-0f4fb1734de80ecd2",
                            "ingress.#": "0",
                            "name": "terraform-eks20181109145917885900000004",
                            "name_prefix": "terraform-eks",
                            "owner_id": "692297098467",
                            "revoke_rules_on_delete": "false",
                            "tags.%": "2",
                            "tags.Environment": "test",
                            "tags.Name": "terraform-eks-eks_cluster_sg",
                            "vpc_id": "vpc-0898be17c8d199fb2"
                        },
                        "meta": {
                            "e2bfb730-ecaa-11e6-8f88-34363bc7c4c0": {
                                "create": 600000000000,
                                "delete": 600000000000
                            },
                            "schema_version": "1"
                        },
                        "tainted": false
                    },
                    "deposed": [],
                    "provider": "provider.aws"
                },
                "aws_security_group.workers": {
                    "type": "aws_security_group",
                    "depends_on": [
                        "aws_eks_cluster.this"
                    ],
                    "primary": {
                        "id": "sg-0d4ee1cdc86880fc4",
                        "attributes": {
                            "arn": "arn:aws:ec2:us-east-1:692297098467:security-group/sg-0d4ee1cdc86880fc4",
                            "description": "Security group for all nodes in the cluster.",
                            "egress.#": "0",
                            "id": "sg-0d4ee1cdc86880fc4",
                            "ingress.#": "0",
                            "name": "terraform-eks20181109150840649500000007",
                            "name_prefix": "terraform-eks",
                            "owner_id": "692297098467",
                            "revoke_rules_on_delete": "false",
                            "tags.%": "3",
                            "tags.Environment": "test",
                            "tags.Name": "terraform-eks-eks_worker_sg",
                            "tags.kubernetes.io/cluster/terraform-eks": "owned",
                            "vpc_id": "vpc-0898be17c8d199fb2"
                        },
                        "meta": {
                            "e2bfb730-ecaa-11e6-8f88-34363bc7c4c0": {
                                "create": 600000000000,
                                "delete": 600000000000
                            },
                            "schema_version": "1"
                        },
                        "tainted": false
                    },
                    "deposed": [],
                    "provider": "provider.aws"
                },
                "aws_security_group_rule.cluster_egress_internet": {
                    "type": "aws_security_group_rule",
                    "depends_on": [
                        "aws_security_group.cluster"
                    ],
                    "primary": {
                        "id": "sgrule-2722921639",
                        "attributes": {
                            "cidr_blocks.#": "1",
                            "cidr_blocks.0": "0.0.0.0/0",
                            "description": "Allow cluster egress access to the Internet.",
                            "from_port": "0",
                            "id": "sgrule-2722921639",
                            "protocol": "-1",
                            "security_group_id": "sg-0f4fb1734de80ecd2",
                            "self": "false",
                            "to_port": "0",
                            "type": "egress"
                        },
                        "meta": {
                            "schema_version": "2"
                        },
                        "tainted": false
                    },
                    "deposed": [],
                    "provider": "provider.aws"
                },
                "aws_security_group_rule.cluster_https_worker_ingress": {
                    "type": "aws_security_group_rule",
                    "depends_on": [
                        "aws_security_group.cluster",
                        "local.worker_security_group_id"
                    ],
                    "primary": {
                        "id": "sgrule-142010864",
                        "attributes": {
                            "description": "Allow pods to communicate with the EKS cluster API.",
                            "from_port": "443",
                            "id": "sgrule-142010864",
                            "protocol": "tcp",
                            "security_group_id": "sg-0f4fb1734de80ecd2",
                            "self": "false",
                            "source_security_group_id": "sg-0d4ee1cdc86880fc4",
                            "to_port": "443",
                            "type": "ingress"
                        },
                        "meta": {
                            "schema_version": "2"
                        },
                        "tainted": false
                    },
                    "deposed": [],
                    "provider": "provider.aws"
                },
                "aws_security_group_rule.workers_egress_internet": {
                    "type": "aws_security_group_rule",
                    "depends_on": [
                        "aws_security_group.workers"
                    ],
                    "primary": {
                        "id": "sgrule-2022877484",
                        "attributes": {
                            "cidr_blocks.#": "1",
                            "cidr_blocks.0": "0.0.0.0/0",
                            "description": "Allow nodes all egress to the Internet.",
                            "from_port": "0",
                            "id": "sgrule-2022877484",
                            "protocol": "-1",
                            "security_group_id": "sg-0d4ee1cdc86880fc4",
                            "self": "false",
                            "to_port": "0",
                            "type": "egress"
                        },
                        "meta": {
                            "schema_version": "2"
                        },
                        "tainted": false
                    },
                    "deposed": [],
                    "provider": "provider.aws"
                },
                "aws_security_group_rule.workers_ingress_cluster": {
                    "type": "aws_security_group_rule",
                    "depends_on": [
                        "aws_security_group.workers",
                        "local.cluster_security_group_id"
                    ],
                    "primary": {
                        "id": "sgrule-640550269",
                        "attributes": {
                            "description": "Allow workers Kubelets and pods to receive communication from the cluster control plane.",
                            "from_port": "1025",
                            "id": "sgrule-640550269",
                            "protocol": "tcp",
                            "security_group_id": "sg-0d4ee1cdc86880fc4",
                            "self": "false",
                            "source_security_group_id": "sg-0f4fb1734de80ecd2",
                            "to_port": "65535",
                            "type": "ingress"
                        },
                        "meta": {
                            "schema_version": "2"
                        },
                        "tainted": false
                    },
                    "deposed": [],
                    "provider": "provider.aws"
                },
                "aws_security_group_rule.workers_ingress_cluster_https": {
                    "type": "aws_security_group_rule",
                    "depends_on": [
                        "aws_security_group.workers",
                        "local.cluster_security_group_id"
                    ],
                    "primary": {
                        "id": "sgrule-1759871775",
                        "attributes": {
                            "description": "Allow pods running extension API servers on port 443 to receive communication from cluster control plane.",
                            "from_port": "443",
                            "id": "sgrule-1759871775",
                            "protocol": "tcp",
                            "security_group_id": "sg-0d4ee1cdc86880fc4",
                            "self": "false",
                            "source_security_group_id": "sg-0f4fb1734de80ecd2",
                            "to_port": "443",
                            "type": "ingress"
                        },
                        "meta": {
                            "schema_version": "2"
                        },
                        "tainted": false
                    },
                    "deposed": [],
                    "provider": "provider.aws"
                },
                "aws_security_group_rule.workers_ingress_self": {
                    "type": "aws_security_group_rule",
                    "depends_on": [
                        "aws_security_group.workers"
                    ],
                    "primary": {
                        "id": "sgrule-4115245557",
                        "attributes": {
                            "description": "Allow node to communicate with each other.",
                            "from_port": "0",
                            "id": "sgrule-4115245557",
                            "protocol": "-1",
                            "security_group_id": "sg-0d4ee1cdc86880fc4",
                            "self": "false",
                            "source_security_group_id": "sg-0d4ee1cdc86880fc4",
                            "to_port": "65535",
                            "type": "ingress"
                        },
                        "meta": {
                            "schema_version": "2"
                        },
                        "tainted": false
                    },
                    "deposed": [],
                    "provider": "provider.aws"
                },
                "data.aws_ami.eks_worker": {
                    "type": "aws_ami",
                    "depends_on": [],
                    "primary": {
                        "id": "ami-0a0b913ef3249b655",
                        "attributes": {
                            "architecture": "x86_64",
                            "block_device_mappings.#": "1",
                            "block_device_mappings.3798922657.device_name": "/dev/xvda",
                            "block_device_mappings.3798922657.ebs.%": "6",
                            "block_device_mappings.3798922657.ebs.delete_on_termination": "true",
                            "block_device_mappings.3798922657.ebs.encrypted": "false",
                            "block_device_mappings.3798922657.ebs.iops": "0",
                            "block_device_mappings.3798922657.ebs.snapshot_id": "snap-057d422c87a9a0c55",
                            "block_device_mappings.3798922657.ebs.volume_size": "20",
                            "block_device_mappings.3798922657.ebs.volume_type": "gp2",
                            "block_device_mappings.3798922657.no_device": "",
                            "block_device_mappings.3798922657.virtual_name": "",
                            "creation_date": "2018-10-23T20:50:35.000Z",
                            "description": "EKS Kubernetes Worker AMI with AmazonLinux2 image",
                            "filter.#": "1",
                            "filter.655774675.name": "name",
                            "filter.655774675.values.#": "1",
                            "filter.655774675.values.0": "amazon-eks-node-*",
                            "hypervisor": "xen",
                            "id": "ami-0a0b913ef3249b655",
                            "image_id": "ami-0a0b913ef3249b655",
                            "image_location": "602401143452/amazon-eks-node-v25",
                            "image_type": "machine",
                            "most_recent": "true",
                            "name": "amazon-eks-node-v25",
                            "owner_id": "602401143452",
                            "owners.#": "1",
                            "owners.0": "602401143452",
                            "product_codes.#": "0",
                            "public": "true",
                            "root_device_name": "/dev/xvda",
                            "root_device_type": "ebs",
                            "root_snapshot_id": "snap-057d422c87a9a0c55",
                            "sriov_net_support": "simple",
                            "state": "available",
                            "state_reason.%": "2",
                            "state_reason.code": "UNSET",
                            "state_reason.message": "UNSET",
                            "tags.%": "0",
                            "virtualization_type": "hvm"
                        },
                        "meta": {},
                        "tainted": false
                    },
                    "deposed": [],
                    "provider": "provider.aws"
                },
                "data.aws_caller_identity.current": {
                    "type": "aws_caller_identity",
                    "depends_on": [],
                    "primary": {
                        "id": "2018-11-09 14:59:10.685581844 +0000 UTC",
                        "attributes": {
                            "account_id": "692297098467",
                            "arn": "arn:aws:iam::692297098467:user/tj-pulsar",
                            "id": "2018-11-09 14:59:10.685581844 +0000 UTC",
                            "user_id": "AIDAIPMDV7GRQSS32FISQ"
                        },
                        "meta": {},
                        "tainted": false
                    },
                    "deposed": [],
                    "provider": "provider.aws"
                },
                "data.aws_iam_policy_document.cluster_assume_role_policy": {
                    "type": "aws_iam_policy_document",
                    "depends_on": [],
                    "primary": {
                        "id": "2764486067",
                        "attributes": {
                            "id": "2764486067",
                            "json": "{\n  \"Version\": \"2012-10-17\",\n  \"Statement\": [\n    {\n      \"Sid\": \"EKSClusterAssumeRole\",\n      \"Effect\": \"Allow\",\n      \"Action\": \"sts:AssumeRole\",\n      \"Principal\": {\n        \"Service\": \"eks.amazonaws.com\"\n      }\n    }\n  ]\n}",
                            "statement.#": "1",
                            "statement.0.actions.#": "1",
                            "statement.0.actions.2528466339": "sts:AssumeRole",
                            "statement.0.condition.#": "0",
                            "statement.0.effect": "Allow",
                            "statement.0.not_actions.#": "0",
                            "statement.0.not_principals.#": "0",
                            "statement.0.not_resources.#": "0",
                            "statement.0.principals.#": "1",
                            "statement.0.principals.2705940588.identifiers.#": "1",
                            "statement.0.principals.2705940588.identifiers.3220076542": "eks.amazonaws.com",
                            "statement.0.principals.2705940588.type": "Service",
                            "statement.0.resources.#": "0",
                            "statement.0.sid": "EKSClusterAssumeRole"
                        },
                        "meta": {},
                        "tainted": false
                    },
                    "deposed": [],
                    "provider": "provider.aws"
                },
                "data.aws_iam_policy_document.worker_autoscaling": {
                    "type": "aws_iam_policy_document",
                    "depends_on": [
                        "aws_eks_cluster.this"
                    ],
                    "primary": {
                        "id": "202367014",
                        "attributes": {
                            "id": "202367014",
                            "json": "{\n  \"Version\": \"2012-10-17\",\n  \"Statement\": [\n    {\n      \"Sid\": \"eksWorkerAutoscalingAll\",\n      \"Effect\": \"Allow\",\n      \"Action\": [\n        \"autoscaling:GetAsgForInstance\",\n        \"autoscaling:DescribeTags\",\n        \"autoscaling:DescribeLaunchConfigurations\",\n        \"autoscaling:DescribeAutoScalingInstances\",\n        \"autoscaling:DescribeAutoScalingGroups\"\n      ],\n      \"Resource\": \"*\"\n    },\n    {\n      \"Sid\": \"eksWorkerAutoscalingOwn\",\n      \"Effect\": \"Allow\",\n      \"Action\": [\n        \"autoscaling:UpdateAutoScalingGroup\",\n        \"autoscaling:TerminateInstanceInAutoScalingGroup\",\n        \"autoscaling:SetDesiredCapacity\"\n      ],\n      \"Resource\": \"*\",\n      \"Condition\": {\n        \"StringEquals\": {\n          \"autoscaling:ResourceTag/k8s.io/cluster-autoscaler/enabled\": \"true\",\n          \"autoscaling:ResourceTag/kubernetes.io/cluster/terraform-eks\": \"owned\"\n        }\n      }\n    }\n  ]\n}",
                            "statement.#": "2",
                            "statement.0.actions.#": "5",
                            "statement.0.actions.1274732150": "autoscaling:DescribeAutoScalingGroups",
                            "statement.0.actions.2448883636": "autoscaling:DescribeAutoScalingInstances",
                            "statement.0.actions.2555065653": "autoscaling:DescribeLaunchConfigurations",
                            "statement.0.actions.3701464416": "autoscaling:DescribeTags",
                            "statement.0.actions.4281419483": "autoscaling:GetAsgForInstance",
                            "statement.0.condition.#": "0",
                            "statement.0.effect": "Allow",
                            "statement.0.not_actions.#": "0",
                            "statement.0.not_principals.#": "0",
                            "statement.0.not_resources.#": "0",
                            "statement.0.principals.#": "0",
                            "statement.0.resources.#": "1",
                            "statement.0.resources.2679715827": "*",
                            "statement.0.sid": "eksWorkerAutoscalingAll",
                            "statement.1.actions.#": "3",
                            "statement.1.actions.1536675971": "autoscaling:UpdateAutoScalingGroup",
                            "statement.1.actions.3469696720": "autoscaling:TerminateInstanceInAutoScalingGroup",
                            "statement.1.actions.557626329": "autoscaling:SetDesiredCapacity",
                            "statement.1.condition.#": "2",
                            "statement.1.condition.1452831030.test": "StringEquals",
                            "statement.1.condition.1452831030.values.#": "1",
                            "statement.1.condition.1452831030.values.653127311": "owned",
                            "statement.1.condition.1452831030.variable": "autoscaling:ResourceTag/kubernetes.io/cluster/terraform-eks",
                            "statement.1.condition.3636405986.test": "StringEquals",
                            "statement.1.condition.3636405986.values.#": "1",
                            "statement.1.condition.3636405986.values.4043113848": "true",
                            "statement.1.condition.3636405986.variable": "autoscaling:ResourceTag/k8s.io/cluster-autoscaler/enabled",
                            "statement.1.effect": "Allow",
                            "statement.1.not_actions.#": "0",
                            "statement.1.not_principals.#": "0",
                            "statement.1.not_resources.#": "0",
                            "statement.1.principals.#": "0",
                            "statement.1.resources.#": "1",
                            "statement.1.resources.2679715827": "*",
                            "statement.1.sid": "eksWorkerAutoscalingOwn"
                        },
                        "meta": {},
                        "tainted": false
                    },
                    "deposed": [],
                    "provider": "provider.aws"
                },
                "data.aws_iam_policy_document.workers_assume_role_policy": {
                    "type": "aws_iam_policy_document",
                    "depends_on": [],
                    "primary": {
                        "id": "3778018924",
                        "attributes": {
                            "id": "3778018924",
                            "json": "{\n  \"Version\": \"2012-10-17\",\n  \"Statement\": [\n    {\n      \"Sid\": \"EKSWorkerAssumeRole\",\n      \"Effect\": \"Allow\",\n      \"Action\": \"sts:AssumeRole\",\n      \"Principal\": {\n        \"Service\": \"ec2.amazonaws.com\"\n      }\n    }\n  ]\n}",
                            "statement.#": "1",
                            "statement.0.actions.#": "1",
                            "statement.0.actions.2528466339": "sts:AssumeRole",
                            "statement.0.condition.#": "0",
                            "statement.0.effect": "Allow",
                            "statement.0.not_actions.#": "0",
                            "statement.0.not_principals.#": "0",
                            "statement.0.not_resources.#": "0",
                            "statement.0.principals.#": "1",
                            "statement.0.principals.1134724139.identifiers.#": "1",
                            "statement.0.principals.1134724139.identifiers.3655884555": "ec2.amazonaws.com",
                            "statement.0.principals.1134724139.type": "Service",
                            "statement.0.resources.#": "0",
                            "statement.0.sid": "EKSWorkerAssumeRole"
                        },
                        "meta": {},
                        "tainted": false
                    },
                    "deposed": [],
                    "provider": "provider.aws"
                },
                "data.aws_region.current": {
                    "type": "aws_region",
                    "depends_on": [],
                    "primary": {
                        "id": "us-east-1",
                        "attributes": {
                            "current": "true",
                            "description": "US East (N. Virginia)",
                            "endpoint": "ec2.us-east-1.amazonaws.com",
                            "id": "us-east-1",
                            "name": "us-east-1"
                        },
                        "meta": {},
                        "tainted": false
                    },
                    "deposed": [],
                    "provider": "provider.aws"
                },
                "data.template_file.config_map_aws_auth": {
                    "type": "template_file",
                    "depends_on": [
                        "data.template_file.map_accounts.*",
                        "data.template_file.map_roles.*",
                        "data.template_file.map_users.*",
                        "data.template_file.worker_role_arns.*"
                    ],
                    "primary": {
                        "id": "c8241bc22a70855f620bdbc4540250f509cf133f5be72439e17bc38917ca92a7",
                        "attributes": {
                            "id": "c8241bc22a70855f620bdbc4540250f509cf133f5be72439e17bc38917ca92a7",
                            "rendered": "apiVersion: v1\nkind: ConfigMap\nmetadata:\n  name: aws-auth\n  namespace: kube-system\ndata:\n  mapRoles: |\n    - rolearn: arn:aws:iam::692297098467:role/terraform-eks20181109150840648300000005\n      username: system:node:{{EC2PrivateDNSName}}\n      groups:\n        - system:bootstrappers\n        - system:nodes\n\n\n  mapUsers: |\n\n  mapAccounts: |\n\n",
                            "template": "apiVersion: v1\nkind: ConfigMap\nmetadata:\n  name: aws-auth\n  namespace: kube-system\ndata:\n  mapRoles: |\n${worker_role_arn}\n${map_roles}\n  mapUsers: |\n${map_users}\n  mapAccounts: |\n${map_accounts}\n",
                            "vars.%": "4",
                            "vars.map_accounts": "",
                            "vars.map_roles": "",
                            "vars.map_users": "",
                            "vars.worker_role_arn": "    - rolearn: arn:aws:iam::692297098467:role/terraform-eks20181109150840648300000005\n      username: system:node:{{EC2PrivateDNSName}}\n      groups:\n        - system:bootstrappers\n        - system:nodes\n"
                        },
                        "meta": {},
                        "tainted": false
                    },
                    "deposed": [],
                    "provider": "module.eks.provider.template"
                },
                "data.template_file.kubeconfig": {
                    "type": "template_file",
                    "depends_on": [
                        "aws_eks_cluster.this",
                        "data.aws_region.current",
                        "data.template_file.aws_authenticator_env_variables.*",
                        "local.kubeconfig_name"
                    ],
                    "primary": {
                        "id": "b883fa91ce27d29bdb822a9a61055bc046c7020a65712e5085183caf9d2882f1",
                        "attributes": {
                            "id": "b883fa91ce27d29bdb822a9a61055bc046c7020a65712e5085183caf9d2882f1",
                            "rendered": "apiVersion: v1\npreferences: {}\nkind: Config\n\nclusters:\n- cluster:\n    server: https://CD215334B9CD4E242786544E2F707D6C.sk1.us-east-1.eks.amazonaws.com\n    certificate-authority-data: LS0tLS1CRUdJTiBDRVJUSUZJQ0FURS0tLS0tCk1JSUN5RENDQWJDZ0F3SUJBZ0lCQURBTkJna3Foa2lHOXcwQkFRc0ZBREFWTVJNd0VRWURWUVFERXdwcmRXSmwKY201bGRHVnpNQjRYRFRFNE1URXdPVEUxTURZMU1Gb1hEVEk0TVRFd05qRTFNRFkxTUZvd0ZURVRNQkVHQTFVRQpBeE1LYTNWaVpYSnVaWFJsY3pDQ0FTSXdEUVlKS29aSWh2Y05BUUVCQlFBRGdnRVBBRENDQVFvQ2dnRUJBSllrClA4OHlLNlkzd01FcHgxSnJNVm5sQXZXWEVvYVpXWHhodit2QlN1UkVBZ1NUTzRlRHdZTit3ZVN2QUF5dVVRbjYKVi9KNWtLZHlpWkNxTGpVNTdyWDExODZhV3QwQXlFVlQyU1pTeEdMWTh3WFpSU3lzV2JmOGxVbU1ZTkxpaDlmcgpGNGxWSDZMLytHTzBGMUJjYXU1QkRmMWlyVFFWUWh3U2x6WGNyZ0htUUZUZDIzaHpiaXhBU1ZmYjdOd1g1SmYzCnp1alRvc0RiNmRoL1hzczFQMEtxNEVEQmhFbzY0L1IzTmNTdE1QYnB4Wjd2aHVPaWpZTkdqV2NaOEZmVDNCTWoKQklEdlRmaWh2KzFveXlXUTR0T1VXZWtCc1pmMEdoSzRJblkxWnU3ZnRjU2J4RFdxRFp4UWxDQW1nNHhrZEp4awoxUXF4SmswbTBMVnVhZk9tVENVQ0F3RUFBYU1qTUNFd0RnWURWUjBQQVFIL0JBUURBZ0trTUE4R0ExVWRFd0VCCi93UUZNQU1CQWY4d0RRWUpLb1pJaHZjTkFRRUxCUUFEZ2dFQkFGT2tsWFA5SnN1c3I4YXJBR05qZStjdGpubmEKVDUraUJUdEhCVXljZmJ1RmZGUU1ORGlTVU56eDRQWHJrMC83aFZobHVYL04yY2dUTGYyTlo2T1Nwb2J6Q1VhYgpGNWxkRlA2L01aSjBRb0Fka1RmSEdjWHgyNE5vMU1QMXIzWmxvMWhlRkpxeHgwNCtNS2VVOE1VL0padHd1TVBFCkw0elMzOTcxNmxISk1tZG1BZVkzZkRnZ3hicjhSZ3JJK3M5ZzQzOVpnWVZINjJ3dnJralJGUFVzdW5JNVpVME8KbndDV0FKdWJENXNMS3hzNTQrZjRaamlPdmJMT2tBbS9CdmkxUUowTkNDT05sVHNUZzdCdFBEcjJMallRbDRPOAppUnRrOVhOM2JCMDV5QnpKSWxlTWtTOUtEaTNHbG4rS1h2MFp0L3Y3Y3d4RHVmLzYyb3ZCVlVBYWhGdz0KLS0tLS1FTkQgQ0VSVElGSUNBVEUtLS0tLQo=\n  name: eks_terraform-eks\n\ncontexts:\n- context:\n    cluster: eks_terraform-eks\n    user: eks_terraform-eks\n  name: eks_terraform-eks\n\ncurrent-context: eks_terraform-eks\n\nusers:\n- name: eks_terraform-eks\n  user:\n    exec:\n      apiVersion: client.authentication.k8s.io/v1alpha1\n      command: aws-iam-authenticator\n      args:\n        - \"token\"\n        - \"-i\"\n        - \"terraform-eks\"\n\n\n",
                            "template": "apiVersion: v1\npreferences: {}\nkind: Config\n\nclusters:\n- cluster:\n    server: ${endpoint}\n    certificate-authority-data: ${cluster_auth_base64}\n  name: ${kubeconfig_name}\n\ncontexts:\n- context:\n    cluster: ${kubeconfig_name}\n    user: ${kubeconfig_name}\n  name: ${kubeconfig_name}\n\ncurrent-context: ${kubeconfig_name}\n\nusers:\n- name: ${kubeconfig_name}\n  user:\n    exec:\n      apiVersion: client.authentication.k8s.io/v1alpha1\n      command: ${aws_authenticator_command}\n      args:\n        - \"token\"\n        - \"-i\"\n        - \"${cluster_name}\"\n${aws_authenticator_additional_args}\n${aws_authenticator_env_variables}\n",
                            "vars.%": "8",
                            "vars.aws_authenticator_additional_args": "",
                            "vars.aws_authenticator_command": "aws-iam-authenticator",
                            "vars.aws_authenticator_env_variables": "",
                            "vars.cluster_auth_base64": "LS0tLS1CRUdJTiBDRVJUSUZJQ0FURS0tLS0tCk1JSUN5RENDQWJDZ0F3SUJBZ0lCQURBTkJna3Foa2lHOXcwQkFRc0ZBREFWTVJNd0VRWURWUVFERXdwcmRXSmwKY201bGRHVnpNQjRYRFRFNE1URXdPVEUxTURZMU1Gb1hEVEk0TVRFd05qRTFNRFkxTUZvd0ZURVRNQkVHQTFVRQpBeE1LYTNWaVpYSnVaWFJsY3pDQ0FTSXdEUVlKS29aSWh2Y05BUUVCQlFBRGdnRVBBRENDQVFvQ2dnRUJBSllrClA4OHlLNlkzd01FcHgxSnJNVm5sQXZXWEVvYVpXWHhodit2QlN1UkVBZ1NUTzRlRHdZTit3ZVN2QUF5dVVRbjYKVi9KNWtLZHlpWkNxTGpVNTdyWDExODZhV3QwQXlFVlQyU1pTeEdMWTh3WFpSU3lzV2JmOGxVbU1ZTkxpaDlmcgpGNGxWSDZMLytHTzBGMUJjYXU1QkRmMWlyVFFWUWh3U2x6WGNyZ0htUUZUZDIzaHpiaXhBU1ZmYjdOd1g1SmYzCnp1alRvc0RiNmRoL1hzczFQMEtxNEVEQmhFbzY0L1IzTmNTdE1QYnB4Wjd2aHVPaWpZTkdqV2NaOEZmVDNCTWoKQklEdlRmaWh2KzFveXlXUTR0T1VXZWtCc1pmMEdoSzRJblkxWnU3ZnRjU2J4RFdxRFp4UWxDQW1nNHhrZEp4awoxUXF4SmswbTBMVnVhZk9tVENVQ0F3RUFBYU1qTUNFd0RnWURWUjBQQVFIL0JBUURBZ0trTUE4R0ExVWRFd0VCCi93UUZNQU1CQWY4d0RRWUpLb1pJaHZjTkFRRUxCUUFEZ2dFQkFGT2tsWFA5SnN1c3I4YXJBR05qZStjdGpubmEKVDUraUJUdEhCVXljZmJ1RmZGUU1ORGlTVU56eDRQWHJrMC83aFZobHVYL04yY2dUTGYyTlo2T1Nwb2J6Q1VhYgpGNWxkRlA2L01aSjBRb0Fka1RmSEdjWHgyNE5vMU1QMXIzWmxvMWhlRkpxeHgwNCtNS2VVOE1VL0padHd1TVBFCkw0elMzOTcxNmxISk1tZG1BZVkzZkRnZ3hicjhSZ3JJK3M5ZzQzOVpnWVZINjJ3dnJralJGUFVzdW5JNVpVME8KbndDV0FKdWJENXNMS3hzNTQrZjRaamlPdmJMT2tBbS9CdmkxUUowTkNDT05sVHNUZzdCdFBEcjJMallRbDRPOAppUnRrOVhOM2JCMDV5QnpKSWxlTWtTOUtEaTNHbG4rS1h2MFp0L3Y3Y3d4RHVmLzYyb3ZCVlVBYWhGdz0KLS0tLS1FTkQgQ0VSVElGSUNBVEUtLS0tLQo=",
                            "vars.cluster_name": "terraform-eks",
                            "vars.endpoint": "https://CD215334B9CD4E242786544E2F707D6C.sk1.us-east-1.eks.amazonaws.com",
                            "vars.kubeconfig_name": "eks_terraform-eks",
                            "vars.region": "us-east-1"
                        },
                        "meta": {},
                        "tainted": false
                    },
                    "deposed": [],
                    "provider": "module.eks.provider.template"
                },
                "data.template_file.userdata": {
                    "type": "template_file",
                    "depends_on": [
                        "aws_eks_cluster.this",
                        "local.workers_group_defaults"
                    ],
                    "primary": {
                        "id": "79108d9701b346f2a17555c8ecf77ca711d8c926aa377841c6ce6ee8c4a695bf",
                        "attributes": {
                            "id": "79108d9701b346f2a17555c8ecf77ca711d8c926aa377841c6ce6ee8c4a695bf",
                            "rendered": "#!/bin/bash -xe\n\n# Allow user supplied pre userdata code\n\n\n# Bootstrap and join the cluster\n/etc/eks/bootstrap.sh --b64-cluster-ca 'LS0tLS1CRUdJTiBDRVJUSUZJQ0FURS0tLS0tCk1JSUN5RENDQWJDZ0F3SUJBZ0lCQURBTkJna3Foa2lHOXcwQkFRc0ZBREFWTVJNd0VRWURWUVFERXdwcmRXSmwKY201bGRHVnpNQjRYRFRFNE1URXdPVEUxTURZMU1Gb1hEVEk0TVRFd05qRTFNRFkxTUZvd0ZURVRNQkVHQTFVRQpBeE1LYTNWaVpYSnVaWFJsY3pDQ0FTSXdEUVlKS29aSWh2Y05BUUVCQlFBRGdnRVBBRENDQVFvQ2dnRUJBSllrClA4OHlLNlkzd01FcHgxSnJNVm5sQXZXWEVvYVpXWHhodit2QlN1UkVBZ1NUTzRlRHdZTit3ZVN2QUF5dVVRbjYKVi9KNWtLZHlpWkNxTGpVNTdyWDExODZhV3QwQXlFVlQyU1pTeEdMWTh3WFpSU3lzV2JmOGxVbU1ZTkxpaDlmcgpGNGxWSDZMLytHTzBGMUJjYXU1QkRmMWlyVFFWUWh3U2x6WGNyZ0htUUZUZDIzaHpiaXhBU1ZmYjdOd1g1SmYzCnp1alRvc0RiNmRoL1hzczFQMEtxNEVEQmhFbzY0L1IzTmNTdE1QYnB4Wjd2aHVPaWpZTkdqV2NaOEZmVDNCTWoKQklEdlRmaWh2KzFveXlXUTR0T1VXZWtCc1pmMEdoSzRJblkxWnU3ZnRjU2J4RFdxRFp4UWxDQW1nNHhrZEp4awoxUXF4SmswbTBMVnVhZk9tVENVQ0F3RUFBYU1qTUNFd0RnWURWUjBQQVFIL0JBUURBZ0trTUE4R0ExVWRFd0VCCi93UUZNQU1CQWY4d0RRWUpLb1pJaHZjTkFRRUxCUUFEZ2dFQkFGT2tsWFA5SnN1c3I4YXJBR05qZStjdGpubmEKVDUraUJUdEhCVXljZmJ1RmZGUU1ORGlTVU56eDRQWHJrMC83aFZobHVYL04yY2dUTGYyTlo2T1Nwb2J6Q1VhYgpGNWxkRlA2L01aSjBRb0Fka1RmSEdjWHgyNE5vMU1QMXIzWmxvMWhlRkpxeHgwNCtNS2VVOE1VL0padHd1TVBFCkw0elMzOTcxNmxISk1tZG1BZVkzZkRnZ3hicjhSZ3JJK3M5ZzQzOVpnWVZINjJ3dnJralJGUFVzdW5JNVpVME8KbndDV0FKdWJENXNMS3hzNTQrZjRaamlPdmJMT2tBbS9CdmkxUUowTkNDT05sVHNUZzdCdFBEcjJMallRbDRPOAppUnRrOVhOM2JCMDV5QnpKSWxlTWtTOUtEaTNHbG4rS1h2MFp0L3Y3Y3d4RHVmLzYyb3ZCVlVBYWhGdz0KLS0tLS1FTkQgQ0VSVElGSUNBVEUtLS0tLQo=' --apiserver-endpoint 'https://CD215334B9CD4E242786544E2F707D6C.sk1.us-east-1.eks.amazonaws.com' --kubelet-extra-args '' 'terraform-eks'\n\n# Allow user supplied userdata code\n\n",
                            "template": "#!/bin/bash -xe\n\n# Allow user supplied pre userdata code\n${pre_userdata}\n\n# Bootstrap and join the cluster\n/etc/eks/bootstrap.sh --b64-cluster-ca '${cluster_auth_base64}' --apiserver-endpoint '${endpoint}' --kubelet-extra-args '${kubelet_extra_args}' '${cluster_name}'\n\n# Allow user supplied userdata code\n${additional_userdata}\n",
                            "vars.%": "6",
                            "vars.additional_userdata": "",
                            "vars.cluster_auth_base64": "LS0tLS1CRUdJTiBDRVJUSUZJQ0FURS0tLS0tCk1JSUN5RENDQWJDZ0F3SUJBZ0lCQURBTkJna3Foa2lHOXcwQkFRc0ZBREFWTVJNd0VRWURWUVFERXdwcmRXSmwKY201bGRHVnpNQjRYRFRFNE1URXdPVEUxTURZMU1Gb1hEVEk0TVRFd05qRTFNRFkxTUZvd0ZURVRNQkVHQTFVRQpBeE1LYTNWaVpYSnVaWFJsY3pDQ0FTSXdEUVlKS29aSWh2Y05BUUVCQlFBRGdnRVBBRENDQVFvQ2dnRUJBSllrClA4OHlLNlkzd01FcHgxSnJNVm5sQXZXWEVvYVpXWHhodit2QlN1UkVBZ1NUTzRlRHdZTit3ZVN2QUF5dVVRbjYKVi9KNWtLZHlpWkNxTGpVNTdyWDExODZhV3QwQXlFVlQyU1pTeEdMWTh3WFpSU3lzV2JmOGxVbU1ZTkxpaDlmcgpGNGxWSDZMLytHTzBGMUJjYXU1QkRmMWlyVFFWUWh3U2x6WGNyZ0htUUZUZDIzaHpiaXhBU1ZmYjdOd1g1SmYzCnp1alRvc0RiNmRoL1hzczFQMEtxNEVEQmhFbzY0L1IzTmNTdE1QYnB4Wjd2aHVPaWpZTkdqV2NaOEZmVDNCTWoKQklEdlRmaWh2KzFveXlXUTR0T1VXZWtCc1pmMEdoSzRJblkxWnU3ZnRjU2J4RFdxRFp4UWxDQW1nNHhrZEp4awoxUXF4SmswbTBMVnVhZk9tVENVQ0F3RUFBYU1qTUNFd0RnWURWUjBQQVFIL0JBUURBZ0trTUE4R0ExVWRFd0VCCi93UUZNQU1CQWY4d0RRWUpLb1pJaHZjTkFRRUxCUUFEZ2dFQkFGT2tsWFA5SnN1c3I4YXJBR05qZStjdGpubmEKVDUraUJUdEhCVXljZmJ1RmZGUU1ORGlTVU56eDRQWHJrMC83aFZobHVYL04yY2dUTGYyTlo2T1Nwb2J6Q1VhYgpGNWxkRlA2L01aSjBRb0Fka1RmSEdjWHgyNE5vMU1QMXIzWmxvMWhlRkpxeHgwNCtNS2VVOE1VL0padHd1TVBFCkw0elMzOTcxNmxISk1tZG1BZVkzZkRnZ3hicjhSZ3JJK3M5ZzQzOVpnWVZINjJ3dnJralJGUFVzdW5JNVpVME8KbndDV0FKdWJENXNMS3hzNTQrZjRaamlPdmJMT2tBbS9CdmkxUUowTkNDT05sVHNUZzdCdFBEcjJMallRbDRPOAppUnRrOVhOM2JCMDV5QnpKSWxlTWtTOUtEaTNHbG4rS1h2MFp0L3Y3Y3d4RHVmLzYyb3ZCVlVBYWhGdz0KLS0tLS1FTkQgQ0VSVElGSUNBVEUtLS0tLQo=",
                            "vars.cluster_name": "terraform-eks",
                            "vars.endpoint": "https://CD215334B9CD4E242786544E2F707D6C.sk1.us-east-1.eks.amazonaws.com",
                            "vars.kubelet_extra_args": "",
                            "vars.pre_userdata": ""
                        },
                        "meta": {},
                        "tainted": false
                    },
                    "deposed": [],
                    "provider": "module.eks.provider.template"
                },
                "data.template_file.worker_role_arns": {
                    "type": "template_file",
                    "depends_on": [
                        "aws_iam_instance_profile.workers.*",
                        "data.aws_caller_identity.current"
                    ],
                    "primary": {
                        "id": "e193486b0b4b38174a329c512b61d13157b5d97310675b62258dc45edd7e0fc9",
                        "attributes": {
                            "id": "e193486b0b4b38174a329c512b61d13157b5d97310675b62258dc45edd7e0fc9",
                            "rendered": "    - rolearn: arn:aws:iam::692297098467:role/terraform-eks20181109150840648300000005\n      username: system:node:{{EC2PrivateDNSName}}\n      groups:\n        - system:bootstrappers\n        - system:nodes\n",
                            "template": "    - rolearn: ${worker_role_arn}\n      username: system:node:{{EC2PrivateDNSName}}\n      groups:\n        - system:bootstrappers\n        - system:nodes\n",
                            "vars.%": "1",
                            "vars.worker_role_arn": "arn:aws:iam::692297098467:role/terraform-eks20181109150840648300000005"
                        },
                        "meta": {},
                        "tainted": false
                    },
                    "deposed": [],
                    "provider": "module.eks.provider.template"
                },
                "local_file.config_map_aws_auth": {
                    "type": "local_file",
                    "depends_on": [
                        "data.template_file.config_map_aws_auth"
                    ],
                    "primary": {
                        "id": "40cd9e4eef4bc275a01602935a877c79069c51c3",
                        "attributes": {
                            "content": "apiVersion: v1\nkind: ConfigMap\nmetadata:\n  name: aws-auth\n  namespace: kube-system\ndata:\n  mapRoles: |\n    - rolearn: arn:aws:iam::692297098467:role/terraform-eks20181109150840648300000005\n      username: system:node:{{EC2PrivateDNSName}}\n      groups:\n        - system:bootstrappers\n        - system:nodes\n\n\n  mapUsers: |\n\n  mapAccounts: |\n\n",
                            "filename": "./config-map-aws-auth_terraform-eks.yaml",
                            "id": "40cd9e4eef4bc275a01602935a877c79069c51c3"
                        },
                        "meta": {},
                        "tainted": false
                    },
                    "deposed": [],
                    "provider": "provider.local"
                },
                "local_file.kubeconfig": {
                    "type": "local_file",
                    "depends_on": [
                        "data.template_file.kubeconfig"
                    ],
                    "primary": {
                        "id": "91d3bef1f1567f8e223a37aa624936869155abd0",
                        "attributes": {
                            "content": "apiVersion: v1\npreferences: {}\nkind: Config\n\nclusters:\n- cluster:\n    server: https://CD215334B9CD4E242786544E2F707D6C.sk1.us-east-1.eks.amazonaws.com\n    certificate-authority-data: LS0tLS1CRUdJTiBDRVJUSUZJQ0FURS0tLS0tCk1JSUN5RENDQWJDZ0F3SUJBZ0lCQURBTkJna3Foa2lHOXcwQkFRc0ZBREFWTVJNd0VRWURWUVFERXdwcmRXSmwKY201bGRHVnpNQjRYRFRFNE1URXdPVEUxTURZMU1Gb1hEVEk0TVRFd05qRTFNRFkxTUZvd0ZURVRNQkVHQTFVRQpBeE1LYTNWaVpYSnVaWFJsY3pDQ0FTSXdEUVlKS29aSWh2Y05BUUVCQlFBRGdnRVBBRENDQVFvQ2dnRUJBSllrClA4OHlLNlkzd01FcHgxSnJNVm5sQXZXWEVvYVpXWHhodit2QlN1UkVBZ1NUTzRlRHdZTit3ZVN2QUF5dVVRbjYKVi9KNWtLZHlpWkNxTGpVNTdyWDExODZhV3QwQXlFVlQyU1pTeEdMWTh3WFpSU3lzV2JmOGxVbU1ZTkxpaDlmcgpGNGxWSDZMLytHTzBGMUJjYXU1QkRmMWlyVFFWUWh3U2x6WGNyZ0htUUZUZDIzaHpiaXhBU1ZmYjdOd1g1SmYzCnp1alRvc0RiNmRoL1hzczFQMEtxNEVEQmhFbzY0L1IzTmNTdE1QYnB4Wjd2aHVPaWpZTkdqV2NaOEZmVDNCTWoKQklEdlRmaWh2KzFveXlXUTR0T1VXZWtCc1pmMEdoSzRJblkxWnU3ZnRjU2J4RFdxRFp4UWxDQW1nNHhrZEp4awoxUXF4SmswbTBMVnVhZk9tVENVQ0F3RUFBYU1qTUNFd0RnWURWUjBQQVFIL0JBUURBZ0trTUE4R0ExVWRFd0VCCi93UUZNQU1CQWY4d0RRWUpLb1pJaHZjTkFRRUxCUUFEZ2dFQkFGT2tsWFA5SnN1c3I4YXJBR05qZStjdGpubmEKVDUraUJUdEhCVXljZmJ1RmZGUU1ORGlTVU56eDRQWHJrMC83aFZobHVYL04yY2dUTGYyTlo2T1Nwb2J6Q1VhYgpGNWxkRlA2L01aSjBRb0Fka1RmSEdjWHgyNE5vMU1QMXIzWmxvMWhlRkpxeHgwNCtNS2VVOE1VL0padHd1TVBFCkw0elMzOTcxNmxISk1tZG1BZVkzZkRnZ3hicjhSZ3JJK3M5ZzQzOVpnWVZINjJ3dnJralJGUFVzdW5JNVpVME8KbndDV0FKdWJENXNMS3hzNTQrZjRaamlPdmJMT2tBbS9CdmkxUUowTkNDT05sVHNUZzdCdFBEcjJMallRbDRPOAppUnRrOVhOM2JCMDV5QnpKSWxlTWtTOUtEaTNHbG4rS1h2MFp0L3Y3Y3d4RHVmLzYyb3ZCVlVBYWhGdz0KLS0tLS1FTkQgQ0VSVElGSUNBVEUtLS0tLQo=\n  name: eks_terraform-eks\n\ncontexts:\n- context:\n    cluster: eks_terraform-eks\n    user: eks_terraform-eks\n  name: eks_terraform-eks\n\ncurrent-context: eks_terraform-eks\n\nusers:\n- name: eks_terraform-eks\n  user:\n    exec:\n      apiVersion: client.authentication.k8s.io/v1alpha1\n      command: aws-iam-authenticator\n      args:\n        - \"token\"\n        - \"-i\"\n        - \"terraform-eks\"\n\n\n",
                            "filename": "./kubeconfig_terraform-eks",
                            "id": "91d3bef1f1567f8e223a37aa624936869155abd0"
                        },
                        "meta": {},
                        "tainted": false
                    },
                    "deposed": [],
                    "provider": "provider.local"
                },
                "null_resource.tags_as_list_of_maps": {
                    "type": "null_resource",
                    "depends_on": [],
                    "primary": {
                        "id": "99939204600984147",
                        "attributes": {
                            "id": "99939204600984147",
                            "triggers.%": "3",
                            "triggers.key": "Environment",
                            "triggers.propagate_at_launch": "true",
                            "triggers.value": "test"
                        },
                        "meta": {},
                        "tainted": false
                    },
                    "deposed": [],
                    "provider": "module.eks.provider.null"
                },
                "null_resource.update_config_map_aws_auth": {
                    "type": "null_resource",
                    "depends_on": [
                        "aws_eks_cluster.this",
                        "data.template_file.config_map_aws_auth"
                    ],
                    "primary": {
                        "id": "6304141182067943435",
                        "attributes": {
                            "id": "6304141182067943435",
                            "triggers.%": "1",
                            "triggers.config_map_rendered": "apiVersion: v1\nkind: ConfigMap\nmetadata:\n  name: aws-auth\n  namespace: kube-system\ndata:\n  mapRoles: |\n    - rolearn: arn:aws:iam::692297098467:role/terraform-eks20181109150840648300000005\n      username: system:node:{{EC2PrivateDNSName}}\n      groups:\n        - system:bootstrappers\n        - system:nodes\n\n\n  mapUsers: |\n\n  mapAccounts: |\n\n"
                        },
                        "meta": {},
                        "tainted": false
                    },
                    "deposed": [],
                    "provider": "module.eks.provider.null"
                }
            },
            "depends_on": []
        },
        {
            "path": [
                "root",
                "vpc"
            ],
            "outputs": {
                "database_route_table_ids": {
                    "sensitive": false,
                    "type": "list",
                    "value": []
                },
                "database_subnet_group": {
                    "sensitive": false,
                    "type": "string",
                    "value": ""
                },
                "database_subnets": {
                    "sensitive": false,
                    "type": "list",
                    "value": []
                },
                "database_subnets_cidr_blocks": {
                    "sensitive": false,
                    "type": "list",
                    "value": []
                },
                "default_network_acl_id": {
                    "sensitive": false,
                    "type": "string",
                    "value": "acl-09a20cd87d25fae76"
                },
                "default_route_table_id": {
                    "sensitive": false,
                    "type": "string",
                    "value": "rtb-099f7654e0ba34d91"
                },
                "default_security_group_id": {
                    "sensitive": false,
                    "type": "string",
                    "value": "sg-0571cd017d733e2eb"
                },
                "default_vpc_cidr_block": {
                    "sensitive": false,
                    "type": "string",
                    "value": ""
                },
                "default_vpc_default_network_acl_id": {
                    "sensitive": false,
                    "type": "string",
                    "value": ""
                },
                "default_vpc_default_route_table_id": {
                    "sensitive": false,
                    "type": "string",
                    "value": ""
                },
                "default_vpc_default_security_group_id": {
                    "sensitive": false,
                    "type": "string",
                    "value": ""
                },
                "default_vpc_enable_dns_hostnames": {
                    "sensitive": false,
                    "type": "string",
                    "value": ""
                },
                "default_vpc_enable_dns_support": {
                    "sensitive": false,
                    "type": "string",
                    "value": ""
                },
                "default_vpc_id": {
                    "sensitive": false,
                    "type": "string",
                    "value": ""
                },
                "default_vpc_instance_tenancy": {
                    "sensitive": false,
                    "type": "string",
                    "value": ""
                },
                "default_vpc_main_route_table_id": {
                    "sensitive": false,
                    "type": "string",
                    "value": ""
                },
                "elasticache_route_table_ids": {
                    "sensitive": false,
                    "type": "list",
                    "value": []
                },
                "elasticache_subnet_group": {
                    "sensitive": false,
                    "type": "string",
                    "value": ""
                },
                "elasticache_subnet_group_name": {
                    "sensitive": false,
                    "type": "string",
                    "value": ""
                },
                "elasticache_subnets": {
                    "sensitive": false,
                    "type": "list",
                    "value": []
                },
                "elasticache_subnets_cidr_blocks": {
                    "sensitive": false,
                    "type": "list",
                    "value": []
                },
                "igw_id": {
                    "sensitive": false,
                    "type": "string",
                    "value": "igw-0624c9260c7e7f8e0"
                },
                "intra_route_table_ids": {
                    "sensitive": false,
                    "type": "list",
                    "value": []
                },
                "intra_subnets": {
                    "sensitive": false,
                    "type": "list",
                    "value": []
                },
                "intra_subnets_cidr_blocks": {
                    "sensitive": false,
                    "type": "list",
                    "value": []
                },
                "nat_ids": {
                    "sensitive": false,
                    "type": "list",
                    "value": []
                },
                "nat_public_ips": {
                    "sensitive": false,
                    "type": "list",
                    "value": []
                },
                "natgw_ids": {
                    "sensitive": false,
                    "type": "list",
                    "value": []
                },
                "private_route_table_ids": {
                    "sensitive": false,
                    "type": "list",
                    "value": []
                },
                "private_subnets": {
                    "sensitive": false,
                    "type": "list",
                    "value": []
                },
                "private_subnets_cidr_blocks": {
                    "sensitive": false,
                    "type": "list",
                    "value": []
                },
                "public_route_table_ids": {
                    "sensitive": false,
                    "type": "list",
                    "value": [
                        "rtb-0b307469a84783529"
                    ]
                },
                "public_subnets": {
                    "sensitive": false,
                    "type": "list",
                    "value": [
                        "subnet-07d9fc176eb5ab1e0",
                        "subnet-04a160c2becb2a102"
                    ]
                },
                "public_subnets_cidr_blocks": {
                    "sensitive": false,
                    "type": "list",
                    "value": [
                        "10.0.1.0/24",
                        "10.0.2.0/24"
                    ]
                },
                "redshift_route_table_ids": {
                    "sensitive": false,
                    "type": "list",
                    "value": []
                },
                "redshift_subnet_group": {
                    "sensitive": false,
                    "type": "string",
                    "value": ""
                },
                "redshift_subnets": {
                    "sensitive": false,
                    "type": "list",
                    "value": []
                },
                "redshift_subnets_cidr_blocks": {
                    "sensitive": false,
                    "type": "list",
                    "value": []
                },
                "vgw_id": {
                    "sensitive": false,
                    "type": "string",
                    "value": ""
                },
                "vpc_cidr_block": {
                    "sensitive": false,
                    "type": "string",
                    "value": "10.0.0.0/16"
                },
                "vpc_enable_dns_hostnames": {
                    "sensitive": false,
                    "type": "string",
                    "value": "true"
                },
                "vpc_enable_dns_support": {
                    "sensitive": false,
                    "type": "string",
                    "value": "true"
                },
                "vpc_endpoint_dynamodb_id": {
                    "sensitive": false,
                    "type": "string",
                    "value": ""
                },
                "vpc_endpoint_dynamodb_pl_id": {
                    "sensitive": false,
                    "type": "string",
                    "value": ""
                },
                "vpc_endpoint_s3_id": {
                    "sensitive": false,
                    "type": "string",
                    "value": ""
                },
                "vpc_endpoint_s3_pl_id": {
                    "sensitive": false,
                    "type": "string",
                    "value": ""
                },
                "vpc_id": {
                    "sensitive": false,
                    "type": "string",
                    "value": "vpc-0898be17c8d199fb2"
                },
                "vpc_instance_tenancy": {
                    "sensitive": false,
                    "type": "string",
                    "value": "default"
                },
                "vpc_main_route_table_id": {
                    "sensitive": false,
                    "type": "string",
                    "value": "rtb-099f7654e0ba34d91"
                },
                "vpc_secondary_cidr_blocks": {
                    "sensitive": false,
                    "type": "list",
                    "value": []
                }
            },
            "resources": {
                "aws_internet_gateway.this": {
                    "type": "aws_internet_gateway",
                    "depends_on": [
                        "local.vpc_id"
                    ],
                    "primary": {
                        "id": "igw-0624c9260c7e7f8e0",
                        "attributes": {
                            "id": "igw-0624c9260c7e7f8e0",
                            "tags.%": "2",
                            "tags.Name": "terraform-eks",
                            "tags.kubernetes.io/cluster/terraform-eks": "shared",
                            "vpc_id": "vpc-0898be17c8d199fb2"
                        },
                        "meta": {},
                        "tainted": false
                    },
                    "deposed": [],
                    "provider": "provider.aws"
                },
                "aws_route.public_internet_gateway": {
                    "type": "aws_route",
                    "depends_on": [
                        "aws_internet_gateway.this",
                        "aws_route_table.public"
                    ],
                    "primary": {
                        "id": "r-rtb-0b307469a847835291080289494",
                        "attributes": {
                            "destination_cidr_block": "0.0.0.0/0",
                            "destination_prefix_list_id": "",
                            "egress_only_gateway_id": "",
                            "gateway_id": "igw-0624c9260c7e7f8e0",
                            "id": "r-rtb-0b307469a847835291080289494",
                            "instance_id": "",
                            "instance_owner_id": "",
                            "nat_gateway_id": "",
                            "network_interface_id": "",
                            "origin": "CreateRoute",
                            "route_table_id": "rtb-0b307469a84783529",
                            "state": "active",
                            "vpc_peering_connection_id": ""
                        },
                        "meta": {
                            "e2bfb730-ecaa-11e6-8f88-34363bc7c4c0": {
                                "create": 300000000000,
                                "delete": 300000000000
                            }
                        },
                        "tainted": false
                    },
                    "deposed": [],
                    "provider": "provider.aws"
                },
                "aws_route_table.public": {
                    "type": "aws_route_table",
                    "depends_on": [
                        "local.vpc_id"
                    ],
                    "primary": {
                        "id": "rtb-0b307469a84783529",
                        "attributes": {
                            "id": "rtb-0b307469a84783529",
                            "propagating_vgws.#": "0",
                            "route.#": "0",
                            "tags.%": "2",
                            "tags.Name": "terraform-eks-node",
                            "tags.kubernetes.io/cluster/terraform-eks": "shared",
                            "vpc_id": "vpc-0898be17c8d199fb2"
                        },
                        "meta": {},
                        "tainted": false
                    },
                    "deposed": [],
                    "provider": "provider.aws"
                },
                "aws_route_table_association.public.0": {
                    "type": "aws_route_table_association",
                    "depends_on": [
                        "aws_route_table.public",
                        "aws_subnet.public.*"
                    ],
                    "primary": {
                        "id": "rtbassoc-0d62847e3e17eaefa",
                        "attributes": {
                            "id": "rtbassoc-0d62847e3e17eaefa",
                            "route_table_id": "rtb-0b307469a84783529",
                            "subnet_id": "subnet-07d9fc176eb5ab1e0"
                        },
                        "meta": {},
                        "tainted": false
                    },
                    "deposed": [],
                    "provider": "provider.aws"
                },
                "aws_route_table_association.public.1": {
                    "type": "aws_route_table_association",
                    "depends_on": [
                        "aws_route_table.public",
                        "aws_subnet.public.*"
                    ],
                    "primary": {
                        "id": "rtbassoc-0fd977f039da7b86e",
                        "attributes": {
                            "id": "rtbassoc-0fd977f039da7b86e",
                            "route_table_id": "rtb-0b307469a84783529",
                            "subnet_id": "subnet-04a160c2becb2a102"
                        },
                        "meta": {},
                        "tainted": false
                    },
                    "deposed": [],
                    "provider": "provider.aws"
                },
                "aws_subnet.public.0": {
                    "type": "aws_subnet",
                    "depends_on": [
                        "local.vpc_id"
                    ],
                    "primary": {
                        "id": "subnet-07d9fc176eb5ab1e0",
                        "attributes": {
                            "arn": "arn:aws:ec2:us-east-1:692297098467:subnet/subnet-07d9fc176eb5ab1e0",
                            "assign_ipv6_address_on_creation": "false",
                            "availability_zone": "us-east-1a",
                            "cidr_block": "10.0.1.0/24",
                            "id": "subnet-07d9fc176eb5ab1e0",
                            "map_public_ip_on_launch": "true",
                            "tags.%": "2",
                            "tags.Name": "terraform-eks-node",
                            "tags.kubernetes.io/cluster/terraform-eks": "shared",
                            "vpc_id": "vpc-0898be17c8d199fb2"
                        },
                        "meta": {
                            "e2bfb730-ecaa-11e6-8f88-34363bc7c4c0": {
                                "create": 600000000000,
                                "delete": 600000000000
                            },
                            "schema_version": "1"
                        },
                        "tainted": false
                    },
                    "deposed": [],
                    "provider": "provider.aws"
                },
                "aws_subnet.public.1": {
                    "type": "aws_subnet",
                    "depends_on": [
                        "local.vpc_id"
                    ],
                    "primary": {
                        "id": "subnet-04a160c2becb2a102",
                        "attributes": {
                            "arn": "arn:aws:ec2:us-east-1:692297098467:subnet/subnet-04a160c2becb2a102",
                            "assign_ipv6_address_on_creation": "false",
                            "availability_zone": "us-east-1b",
                            "cidr_block": "10.0.2.0/24",
                            "id": "subnet-04a160c2becb2a102",
                            "map_public_ip_on_launch": "true",
                            "tags.%": "2",
                            "tags.Name": "terraform-eks-node",
                            "tags.kubernetes.io/cluster/terraform-eks": "shared",
                            "vpc_id": "vpc-0898be17c8d199fb2"
                        },
                        "meta": {
                            "e2bfb730-ecaa-11e6-8f88-34363bc7c4c0": {
                                "create": 600000000000,
                                "delete": 600000000000
                            },
                            "schema_version": "1"
                        },
                        "tainted": false
                    },
                    "deposed": [],
                    "provider": "provider.aws"
                },
                "aws_vpc.this": {
                    "type": "aws_vpc",
                    "depends_on": [],
                    "primary": {
                        "id": "vpc-0898be17c8d199fb2",
                        "attributes": {
                            "arn": "arn:aws:ec2:us-east-1:692297098467:vpc/vpc-0898be17c8d199fb2",
                            "assign_generated_ipv6_cidr_block": "false",
                            "cidr_block": "10.0.0.0/16",
                            "default_network_acl_id": "acl-09a20cd87d25fae76",
                            "default_route_table_id": "rtb-099f7654e0ba34d91",
                            "default_security_group_id": "sg-0571cd017d733e2eb",
                            "dhcp_options_id": "dopt-f008788b",
                            "enable_classiclink": "false",
                            "enable_classiclink_dns_support": "false",
                            "enable_dns_hostnames": "true",
                            "enable_dns_support": "true",
                            "id": "vpc-0898be17c8d199fb2",
                            "instance_tenancy": "default",
                            "main_route_table_id": "rtb-099f7654e0ba34d91",
                            "tags.%": "2",
                            "tags.Name": "terraform-eks-node",
                            "tags.kubernetes.io/cluster/terraform-eks": "shared"
                        },
                        "meta": {
                            "schema_version": "1"
                        },
                        "tainted": false
                    },
                    "deposed": [],
                    "provider": "provider.aws"
                }
            },
            "depends_on": []
        }
    ]
}
