{
    "version": 3,
    "terraform_version": "0.11.8",
    "serial": 4,
    "lineage": "583d3aaa-556a-7518-55cc-f829ce4b44a9",
    "modules": [
        {
            "path": [
                "root"
            ],
            "outputs": {},
            "resources": {},
            "depends_on": []
        },
        {
            "path": [
                "root",
                "eks"
            ],
            "outputs": {},
            "resources": {},
            "depends_on": []
        },
        {
            "path": [
                "root",
                "vpc"
            ],
            "outputs": {
                "default_network_acl_id": {
                    "sensitive": false,
                    "type": "string",
                    "value": "acl-03cbd1a4517a9bfee"
                },
                "default_route_table_id": {
                    "sensitive": false,
                    "type": "string",
                    "value": "rtb-0bc7bf45679089b26"
                },
                "default_security_group_id": {
                    "sensitive": false,
                    "type": "string",
                    "value": "sg-0f5f18ed793f6e1da"
                },
                "igw_id": {
                    "sensitive": false,
                    "type": "string",
                    "value": "igw-0a3e8d549ee44e46a"
                },
                "public_subnets": {
                    "sensitive": false,
                    "type": "list",
                    "value": [
                        "subnet-0f5c3f37874666ef7",
                        "subnet-05497eb875d98f79c"
                    ]
                },
                "public_subnets_cidr_blocks": {
                    "sensitive": false,
                    "type": "list",
                    "value": [
                        "10.0.1.0/24",
                        "10.0.2.0/24"
                    ]
                },
                "vpc_cidr_block": {
                    "sensitive": false,
                    "type": "string",
                    "value": "10.0.0.0/16"
                },
                "vpc_enable_dns_hostnames": {
                    "sensitive": false,
                    "type": "string",
                    "value": "true"
                },
                "vpc_enable_dns_support": {
                    "sensitive": false,
                    "type": "string",
                    "value": "true"
                },
                "vpc_id": {
                    "sensitive": false,
                    "type": "string",
                    "value": "vpc-0b39fe5db524b3bff"
                },
                "vpc_instance_tenancy": {
                    "sensitive": false,
                    "type": "string",
                    "value": "default"
                },
                "vpc_main_route_table_id": {
                    "sensitive": false,
                    "type": "string",
                    "value": "rtb-0bc7bf45679089b26"
                }
            },
            "resources": {
                "aws_vpc.this": {
                    "type": "aws_vpc",
                    "depends_on": [],
                    "primary": {
                        "id": "vpc-0b39fe5db524b3bff",
                        "attributes": {
                            "arn": "arn:aws:ec2:us-east-1:692297098467:vpc/vpc-0b39fe5db524b3bff",
                            "assign_generated_ipv6_cidr_block": "false",
                            "cidr_block": "10.0.0.0/16",
                            "default_network_acl_id": "acl-03cbd1a4517a9bfee",
                            "default_route_table_id": "rtb-0bc7bf45679089b26",
                            "default_security_group_id": "sg-0f5f18ed793f6e1da",
                            "dhcp_options_id": "dopt-f008788b",
                            "enable_classiclink": "false",
                            "enable_classiclink_dns_support": "false",
                            "enable_dns_hostnames": "true",
                            "enable_dns_support": "true",
                            "id": "vpc-0b39fe5db524b3bff",
                            "instance_tenancy": "default",
                            "main_route_table_id": "rtb-0bc7bf45679089b26",
                            "tags.%": "1",
                            "tags.Name": "terraform-eks-node"
                        },
                        "meta": {
                            "schema_version": "1"
                        },
                        "tainted": false
                    },
                    "deposed": [],
                    "provider": "provider.aws"
                }
            },
            "depends_on": []
        }
    ]
}
